
Microsoft Visual Studio Solution File, Format Version 12.00
# Visual Studio 15
VisualStudioVersion = 15.0.27703.2026
MinimumVisualStudioVersion = 10.0.40219.1
Project("{FAE04EC0-301F-11D3-BF4B-00C04F79EFBC}") = "CostMatrix.Android", "CostMatrix\CostMatrix.Android\CostMatrix.Android.csproj", "{4ADECDC9-6266-47C9-BBD1-F37ADEA00831}"
EndProject
Project("{FAE04EC0-301F-11D3-BF4B-00C04F79EFBC}") = "CostMatrix.iOS", "CostMatrix\CostMatrix.iOS\CostMatrix.iOS.csproj", "{9D2BA901-DEC8-4688-9C78-00E567AD575F}"
EndProject
Project("{FAE04EC0-301F-11D3-BF4B-00C04F79EFBC}") = "CostMatrix.UWP", "CostMatrix\CostMatrix.UWP\CostMatrix.UWP.csproj", "{D153C433-EB98-4A92-BD49-B77B1B837980}"
EndProject
Project("{FAE04EC0-301F-11D3-BF4B-00C04F79EFBC}") = "CostMatrix", "CostMatrix\CostMatrix\CostMatrix.csproj", "{DA65C60B-3E35-412B-9D94-89264889CA12}"
EndProject
Global
	GlobalSection(SolutionConfigurationPlatforms) = preSolution
		Ad-Hoc|Any CPU = Ad-Hoc|Any CPU
		Ad-Hoc|ARM = Ad-Hoc|ARM
		Ad-Hoc|iPhone = Ad-Hoc|iPhone
		Ad-Hoc|iPhoneSimulator = Ad-Hoc|iPhoneSimulator
		Ad-Hoc|x64 = Ad-Hoc|x64
		Ad-Hoc|x86 = Ad-Hoc|x86
		AppStore|Any CPU = AppStore|Any CPU
		AppStore|ARM = AppStore|ARM
		AppStore|iPhone = AppStore|iPhone
		AppStore|iPhoneSimulator = AppStore|iPhoneSimulator
		AppStore|x64 = AppStore|x64
		AppStore|x86 = AppStore|x86
		Debug|Any CPU = Debug|Any CPU
		Debug|ARM = Debug|ARM
		Debug|iPhone = Debug|iPhone
		Debug|iPhoneSimulator = Debug|iPhoneSimulator
		Debug|x64 = Debug|x64
		Debug|x86 = Debug|x86
		Release|Any CPU = Release|Any CPU
		Release|ARM = Release|ARM
		Release|iPhone = Release|iPhone
		Release|iPhoneSimulator = Release|iPhoneSimulator
		Release|x64 = Release|x64
		Release|x86 = Release|x86
	EndGlobalSection
	GlobalSection(ProjectConfigurationPlatforms) = postSolution
		{4ADECDC9-6266-47C9-BBD1-F37ADEA00831}.Ad-Hoc|Any CPU.ActiveCfg = Release|Any CPU
		{4ADECDC9-6266-47C9-BBD1-F37ADEA00831}.Ad-Hoc|Any CPU.Build.0 = Release|Any CPU
		{4ADECDC9-6266-47C9-BBD1-F37ADEA00831}.Ad-Hoc|Any CPU.Deploy.0 = Release|Any CPU
		{4ADECDC9-6266-47C9-BBD1-F37ADEA00831}.Ad-Hoc|ARM.ActiveCfg = Release|Any CPU
		{4ADECDC9-6266-47C9-BBD1-F37ADEA00831}.Ad-Hoc|ARM.Build.0 = Release|Any CPU
		{4ADECDC9-6266-47C9-BBD1-F37ADEA00831}.Ad-Hoc|ARM.Deploy.0 = Release|Any CPU
		{4ADECDC9-6266-47C9-BBD1-F37ADEA00831}.Ad-Hoc|iPhone.ActiveCfg = Release|Any CPU
		{4ADECDC9-6266-47C9-BBD1-F37ADEA00831}.Ad-Hoc|iPhone.Build.0 = Release|Any CPU
		{4ADECDC9-6266-47C9-BBD1-F37ADEA00831}.Ad-Hoc|iPhone.Deploy.0 = Release|Any CPU
		{4ADECDC9-6266-47C9-BBD1-F37ADEA00831}.Ad-Hoc|iPhoneSimulator.ActiveCfg = Release|Any CPU
		{4ADECDC9-6266-47C9-BBD1-F37ADEA00831}.Ad-Hoc|iPhoneSimulator.Build.0 = Release|Any CPU
		{4ADECDC9-6266-47C9-BBD1-F37ADEA00831}.Ad-Hoc|iPhoneSimulator.Deploy.0 = Release|Any CPU
		{4ADECDC9-6266-47C9-BBD1-F37ADEA00831}.Ad-Hoc|x64.ActiveCfg = Release|Any CPU
		{4ADECDC9-6266-47C9-BBD1-F37ADEA00831}.Ad-Hoc|x64.Build.0 = Release|Any CPU
		{4ADECDC9-6266-47C9-BBD1-F37ADEA00831}.Ad-Hoc|x64.Deploy.0 = Release|Any CPU
		{4ADECDC9-6266-47C9-BBD1-F37ADEA00831}.Ad-Hoc|x86.ActiveCfg = Release|Any CPU
		{4ADECDC9-6266-47C9-BBD1-F37ADEA00831}.Ad-Hoc|x86.Build.0 = Release|Any CPU
		{4ADECDC9-6266-47C9-BBD1-F37ADEA00831}.Ad-Hoc|x86.Deploy.0 = Release|Any CPU
		{4ADECDC9-6266-47C9-BBD1-F37ADEA00831}.AppStore|Any CPU.ActiveCfg = Release|Any CPU
		{4ADECDC9-6266-47C9-BBD1-F37ADEA00831}.AppStore|Any CPU.Build.0 = Release|Any CPU
		{4ADECDC9-6266-47C9-BBD1-F37ADEA00831}.AppStore|Any CPU.Deploy.0 = Release|Any CPU
		{4ADECDC9-6266-47C9-BBD1-F37ADEA00831}.AppStore|ARM.ActiveCfg = Release|Any CPU
		{4ADECDC9-6266-47C9-BBD1-F37ADEA00831}.AppStore|ARM.Build.0 = Release|Any CPU
		{4ADECDC9-6266-47C9-BBD1-F37ADEA00831}.AppStore|ARM.Deploy.0 = Release|Any CPU
		{4ADECDC9-6266-47C9-BBD1-F37ADEA00831}.AppStore|iPhone.ActiveCfg = Release|Any CPU
		{4ADECDC9-6266-47C9-BBD1-F37ADEA00831}.AppStore|iPhone.Build.0 = Release|Any CPU
		{4ADECDC9-6266-47C9-BBD1-F37ADEA00831}.AppStore|iPhone.Deploy.0 = Release|Any CPU
		{4ADECDC9-6266-47C9-BBD1-F37ADEA00831}.AppStore|iPhoneSimulator.ActiveCfg = Release|Any CPU
		{4ADECDC9-6266-47C9-BBD1-F37ADEA00831}.AppStore|iPhoneSimulator.Build.0 = Release|Any CPU
		{4ADECDC9-6266-47C9-BBD1-F37ADEA00831}.AppStore|iPhoneSimulator.Deploy.0 = Release|Any CPU
		{4ADECDC9-6266-47C9-BBD1-F37ADEA00831}.AppStore|x64.ActiveCfg = Release|Any CPU
		{4ADECDC9-6266-47C9-BBD1-F37ADEA00831}.AppStore|x64.Build.0 = Release|Any CPU
		{4ADECDC9-6266-47C9-BBD1-F37ADEA00831}.AppStore|x64.Deploy.0 = Release|Any CPU
		{4ADECDC9-6266-47C9-BBD1-F37ADEA00831}.AppStore|x86.ActiveCfg = Release|Any CPU
		{4ADECDC9-6266-47C9-BBD1-F37ADEA00831}.AppStore|x86.Build.0 = Release|Any CPU
		{4ADECDC9-6266-47C9-BBD1-F37ADEA00831}.AppStore|x86.Deploy.0 = Release|Any CPU
		{4ADECDC9-6266-47C9-BBD1-F37ADEA00831}.Debug|Any CPU.ActiveCfg = Debug|Any CPU
		{4ADECDC9-6266-47C9-BBD1-F37ADEA00831}.Debug|Any CPU.Build.0 = Debug|Any CPU
		{4ADECDC9-6266-47C9-BBD1-F37ADEA00831}.Debug|Any CPU.Deploy.0 = Debug|Any CPU
		{4ADECDC9-6266-47C9-BBD1-F37ADEA00831}.Debug|ARM.ActiveCfg = Debug|Any CPU
		{4ADECDC9-6266-47C9-BBD1-F37ADEA00831}.Debug|ARM.Build.0 = Debug|Any CPU
		{4ADECDC9-6266-47C9-BBD1-F37ADEA00831}.Debug|ARM.Deploy.0 = Debug|Any CPU
		{4ADECDC9-6266-47C9-BBD1-F37ADEA00831}.Debug|iPhone.ActiveCfg = Debug|Any CPU
		{4ADECDC9-6266-47C9-BBD1-F37ADEA00831}.Debug|iPhone.Build.0 = Debug|Any CPU
		{4ADECDC9-6266-47C9-BBD1-F37ADEA00831}.Debug|iPhone.Deploy.0 = Debug|Any CPU
		{4ADECDC9-6266-47C9-BBD1-F37ADEA00831}.Debug|iPhoneSimulator.ActiveCfg = Debug|Any CPU
		{4ADECDC9-6266-47C9-BBD1-F37ADEA00831}.Debug|iPhoneSimulator.Build.0 = Debug|Any CPU
		{4ADECDC9-6266-47C9-BBD1-F37ADEA00831}.Debug|iPhoneSimulator.Deploy.0 = Debug|Any CPU
		{4ADECDC9-6266-47C9-BBD1-F37ADEA00831}.Debug|x64.ActiveCfg = Debug|Any CPU
		{4ADECDC9-6266-47C9-BBD1-F37ADEA00831}.Debug|x64.Build.0 = Debug|Any CPU
		{4ADECDC9-6266-47C9-BBD1-F37ADEA00831}.Debug|x64.Deploy.0 = Debug|Any CPU
		{4ADECDC9-6266-47C9-BBD1-F37ADEA00831}.Debug|x86.ActiveCfg = Debug|Any CPU
		{4ADECDC9-6266-47C9-BBD1-F37ADEA00831}.Debug|x86.Build.0 = Debug|Any CPU
		{4ADECDC9-6266-47C9-BBD1-F37ADEA00831}.Debug|x86.Deploy.0 = Debug|Any CPU
		{4ADECDC9-6266-47C9-BBD1-F37ADEA00831}.Release|Any CPU.ActiveCfg = Release|Any CPU
		{4ADECDC9-6266-47C9-BBD1-F37ADEA00831}.Release|Any CPU.Build.0 = Release|Any CPU
		{4ADECDC9-6266-47C9-BBD1-F37ADEA00831}.Release|Any CPU.Deploy.0 = Release|Any CPU
		{4ADECDC9-6266-47C9-BBD1-F37ADEA00831}.Release|ARM.ActiveCfg = Release|Any CPU
		{4ADECDC9-6266-47C9-BBD1-F37ADEA00831}.Release|ARM.Build.0 = Release|Any CPU
		{4ADECDC9-6266-47C9-BBD1-F37ADEA00831}.Release|ARM.Deploy.0 = Release|Any CPU
		{4ADECDC9-6266-47C9-BBD1-F37ADEA00831}.Release|iPhone.ActiveCfg = Release|Any CPU
		{4ADECDC9-6266-47C9-BBD1-F37ADEA00831}.Release|iPhone.Build.0 = Release|Any CPU
		{4ADECDC9-6266-47C9-BBD1-F37ADEA00831}.Release|iPhone.Deploy.0 = Release|Any CPU
		{4ADECDC9-6266-47C9-BBD1-F37ADEA00831}.Release|iPhoneSimulator.ActiveCfg = Release|Any CPU
		{4ADECDC9-6266-47C9-BBD1-F37ADEA00831}.Release|iPhoneSimulator.Build.0 = Release|Any CPU
		{4ADECDC9-6266-47C9-BBD1-F37ADEA00831}.Release|iPhoneSimulator.Deploy.0 = Release|Any CPU
		{4ADECDC9-6266-47C9-BBD1-F37ADEA00831}.Release|x64.ActiveCfg = Release|Any CPU
		{4ADECDC9-6266-47C9-BBD1-F37ADEA00831}.Release|x64.Build.0 = Release|Any CPU
		{4ADECDC9-6266-47C9-BBD1-F37ADEA00831}.Release|x64.Deploy.0 = Release|Any CPU
		{4ADECDC9-6266-47C9-BBD1-F37ADEA00831}.Release|x86.ActiveCfg = Release|Any CPU
		{4ADECDC9-6266-47C9-BBD1-F37ADEA00831}.Release|x86.Build.0 = Release|Any CPU
		{4ADECDC9-6266-47C9-BBD1-F37ADEA00831}.Release|x86.Deploy.0 = Release|Any CPU
		{9D2BA901-DEC8-4688-9C78-00E567AD575F}.Ad-Hoc|Any CPU.ActiveCfg = Ad-Hoc|iPhone
		{9D2BA901-DEC8-4688-9C78-00E567AD575F}.Ad-Hoc|Any CPU.Build.0 = Ad-Hoc|iPhone
		{9D2BA901-DEC8-4688-9C78-00E567AD575F}.Ad-Hoc|Any CPU.Deploy.0 = Ad-Hoc|iPhone
		{9D2BA901-DEC8-4688-9C78-00E567AD575F}.Ad-Hoc|ARM.ActiveCfg = Ad-Hoc|iPhone
		{9D2BA901-DEC8-4688-9C78-00E567AD575F}.Ad-Hoc|ARM.Build.0 = Ad-Hoc|iPhone
		{9D2BA901-DEC8-4688-9C78-00E567AD575F}.Ad-Hoc|ARM.Deploy.0 = Ad-Hoc|iPhone
		{9D2BA901-DEC8-4688-9C78-00E567AD575F}.Ad-Hoc|iPhone.ActiveCfg = Ad-Hoc|iPhone
		{9D2BA901-DEC8-4688-9C78-00E567AD575F}.Ad-Hoc|iPhone.Build.0 = Ad-Hoc|iPhone
		{9D2BA901-DEC8-4688-9C78-00E567AD575F}.Ad-Hoc|iPhone.Deploy.0 = Ad-Hoc|iPhone
		{9D2BA901-DEC8-4688-9C78-00E567AD575F}.Ad-Hoc|iPhoneSimulator.ActiveCfg = Ad-Hoc|iPhoneSimulator
		{9D2BA901-DEC8-4688-9C78-00E567AD575F}.Ad-Hoc|iPhoneSimulator.Build.0 = Ad-Hoc|iPhoneSimulator
		{9D2BA901-DEC8-4688-9C78-00E567AD575F}.Ad-Hoc|iPhoneSimulator.Deploy.0 = Ad-Hoc|iPhoneSimulator
		{9D2BA901-DEC8-4688-9C78-00E567AD575F}.Ad-Hoc|x64.ActiveCfg = Ad-Hoc|iPhone
		{9D2BA901-DEC8-4688-9C78-00E567AD575F}.Ad-Hoc|x64.Build.0 = Ad-Hoc|iPhone
		{9D2BA901-DEC8-4688-9C78-00E567AD575F}.Ad-Hoc|x64.Deploy.0 = Ad-Hoc|iPhone
		{9D2BA901-DEC8-4688-9C78-00E567AD575F}.Ad-Hoc|x86.ActiveCfg = Ad-Hoc|iPhone
		{9D2BA901-DEC8-4688-9C78-00E567AD575F}.Ad-Hoc|x86.Build.0 = Ad-Hoc|iPhone
		{9D2BA901-DEC8-4688-9C78-00E567AD575F}.Ad-Hoc|x86.Deploy.0 = Ad-Hoc|iPhone
		{9D2BA901-DEC8-4688-9C78-00E567AD575F}.AppStore|Any CPU.ActiveCfg = AppStore|iPhone
		{9D2BA901-DEC8-4688-9C78-00E567AD575F}.AppStore|Any CPU.Build.0 = AppStore|iPhone
		{9D2BA901-DEC8-4688-9C78-00E567AD575F}.AppStore|Any CPU.Deploy.0 = AppStore|iPhone
		{9D2BA901-DEC8-4688-9C78-00E567AD575F}.AppStore|ARM.ActiveCfg = AppStore|iPhone
		{9D2BA901-DEC8-4688-9C78-00E567AD575F}.AppStore|ARM.Build.0 = AppStore|iPhone
		{9D2BA901-DEC8-4688-9C78-00E567AD575F}.AppStore|ARM.Deploy.0 = AppStore|iPhone
		{9D2BA901-DEC8-4688-9C78-00E567AD575F}.AppStore|iPhone.ActiveCfg = AppStore|iPhone
		{9D2BA901-DEC8-4688-9C78-00E567AD575F}.AppStore|iPhone.Build.0 = AppStore|iPhone
		{9D2BA901-DEC8-4688-9C78-00E567AD575F}.AppStore|iPhone.Deploy.0 = AppStore|iPhone
		{9D2BA901-DEC8-4688-9C78-00E567AD575F}.AppStore|iPhoneSimulator.ActiveCfg = AppStore|iPhoneSimulator
		{9D2BA901-DEC8-4688-9C78-00E567AD575F}.AppStore|iPhoneSimulator.Build.0 = AppStore|iPhoneSimulator
		{9D2BA901-DEC8-4688-9C78-00E567AD575F}.AppStore|iPhoneSimulator.Deploy.0 = AppStore|iPhoneSimulator
		{9D2BA901-DEC8-4688-9C78-00E567AD575F}.AppStore|x64.ActiveCfg = AppStore|iPhone
		{9D2BA901-DEC8-4688-9C78-00E567AD575F}.AppStore|x64.Build.0 = AppStore|iPhone
		{9D2BA901-DEC8-4688-9C78-00E567AD575F}.AppStore|x64.Deploy.0 = AppStore|iPhone
		{9D2BA901-DEC8-4688-9C78-00E567AD575F}.AppStore|x86.ActiveCfg = AppStore|iPhone
		{9D2BA901-DEC8-4688-9C78-00E567AD575F}.AppStore|x86.Build.0 = AppStore|iPhone
		{9D2BA901-DEC8-4688-9C78-00E567AD575F}.AppStore|x86.Deploy.0 = AppStore|iPhone
		{9D2BA901-DEC8-4688-9C78-00E567AD575F}.Debug|Any CPU.ActiveCfg = Debug|iPhoneSimulator
		{9D2BA901-DEC8-4688-9C78-00E567AD575F}.Debug|Any CPU.Build.0 = Debug|iPhoneSimulator
		{9D2BA901-DEC8-4688-9C78-00E567AD575F}.Debug|Any CPU.Deploy.0 = Debug|iPhoneSimulator
		{9D2BA901-DEC8-4688-9C78-00E567AD575F}.Debug|ARM.ActiveCfg = Debug|iPhone
		{9D2BA901-DEC8-4688-9C78-00E567AD575F}.Debug|ARM.Build.0 = Debug|iPhone
		{9D2BA901-DEC8-4688-9C78-00E567AD575F}.Debug|ARM.Deploy.0 = Debug|iPhone
		{9D2BA901-DEC8-4688-9C78-00E567AD575F}.Debug|iPhone.ActiveCfg = Debug|iPhone
		{9D2BA901-DEC8-4688-9C78-00E567AD575F}.Debug|iPhone.Build.0 = Debug|iPhone
		{9D2BA901-DEC8-4688-9C78-00E567AD575F}.Debug|iPhone.Deploy.0 = Debug|iPhone
		{9D2BA901-DEC8-4688-9C78-00E567AD575F}.Debug|iPhoneSimulator.ActiveCfg = Debug|iPhoneSimulator
		{9D2BA901-DEC8-4688-9C78-00E567AD575F}.Debug|iPhoneSimulator.Build.0 = Debug|iPhoneSimulator
		{9D2BA901-DEC8-4688-9C78-00E567AD575F}.Debug|iPhoneSimulator.Deploy.0 = Debug|iPhoneSimulator
		{9D2BA901-DEC8-4688-9C78-00E567AD575F}.Debug|x64.ActiveCfg = Debug|iPhone
		{9D2BA901-DEC8-4688-9C78-00E567AD575F}.Debug|x64.Build.0 = Debug|iPhone
		{9D2BA901-DEC8-4688-9C78-00E567AD575F}.Debug|x64.Deploy.0 = Debug|iPhone
		{9D2BA901-DEC8-4688-9C78-00E567AD575F}.Debug|x86.ActiveCfg = Debug|iPhone
		{9D2BA901-DEC8-4688-9C78-00E567AD575F}.Debug|x86.Build.0 = Debug|iPhone
		{9D2BA901-DEC8-4688-9C78-00E567AD575F}.Debug|x86.Deploy.0 = Debug|iPhone
		{9D2BA901-DEC8-4688-9C78-00E567AD575F}.Release|Any CPU.ActiveCfg = Release|iPhone
		{9D2BA901-DEC8-4688-9C78-00E567AD575F}.Release|Any CPU.Build.0 = Release|iPhone
		{9D2BA901-DEC8-4688-9C78-00E567AD575F}.Release|Any CPU.Deploy.0 = Release|iPhone
		{9D2BA901-DEC8-4688-9C78-00E567AD575F}.Release|ARM.ActiveCfg = Release|iPhone
		{9D2BA901-DEC8-4688-9C78-00E567AD575F}.Release|ARM.Build.0 = Release|iPhone
		{9D2BA901-DEC8-4688-9C78-00E567AD575F}.Release|ARM.Deploy.0 = Release|iPhone
		{9D2BA901-DEC8-4688-9C78-00E567AD575F}.Release|iPhone.ActiveCfg = Release|iPhone
		{9D2BA901-DEC8-4688-9C78-00E567AD575F}.Release|iPhone.Build.0 = Release|iPhone
		{9D2BA901-DEC8-4688-9C78-00E567AD575F}.Release|iPhone.Deploy.0 = Release|iPhone
		{9D2BA901-DEC8-4688-9C78-00E567AD575F}.Release|iPhoneSimulator.ActiveCfg = Release|iPhoneSimulator
		{9D2BA901-DEC8-4688-9C78-00E567AD575F}.Release|iPhoneSimulator.Build.0 = Release|iPhoneSimulator
		{9D2BA901-DEC8-4688-9C78-00E567AD575F}.Release|iPhoneSimulator.Deploy.0 = Release|iPhoneSimulator
		{9D2BA901-DEC8-4688-9C78-00E567AD575F}.Release|x64.ActiveCfg = Release|iPhone
		{9D2BA901-DEC8-4688-9C78-00E567AD575F}.Release|x64.Build.0 = Release|iPhone
		{9D2BA901-DEC8-4688-9C78-00E567AD575F}.Release|x64.Deploy.0 = Release|iPhone
		{9D2BA901-DEC8-4688-9C78-00E567AD575F}.Release|x86.ActiveCfg = Release|iPhone
		{9D2BA901-DEC8-4688-9C78-00E567AD575F}.Release|x86.Build.0 = Release|iPhone
		{9D2BA901-DEC8-4688-9C78-00E567AD575F}.Release|x86.Deploy.0 = Release|iPhone
		{D153C433-EB98-4A92-BD49-B77B1B837980}.Ad-Hoc|Any CPU.ActiveCfg = Release|x86
		{D153C433-EB98-4A92-BD49-B77B1B837980}.Ad-Hoc|Any CPU.Build.0 = Release|x86
		{D153C433-EB98-4A92-BD49-B77B1B837980}.Ad-Hoc|Any CPU.Deploy.0 = Release|x86
		{D153C433-EB98-4A92-BD49-B77B1B837980}.Ad-Hoc|ARM.ActiveCfg = Release|ARM
		{D153C433-EB98-4A92-BD49-B77B1B837980}.Ad-Hoc|ARM.Build.0 = Release|ARM
		{D153C433-EB98-4A92-BD49-B77B1B837980}.Ad-Hoc|ARM.Deploy.0 = Release|ARM
		{D153C433-EB98-4A92-BD49-B77B1B837980}.Ad-Hoc|iPhone.ActiveCfg = Release|x86
		{D153C433-EB98-4A92-BD49-B77B1B837980}.Ad-Hoc|iPhone.Build.0 = Release|x86
		{D153C433-EB98-4A92-BD49-B77B1B837980}.Ad-Hoc|iPhone.Deploy.0 = Release|x86
		{D153C433-EB98-4A92-BD49-B77B1B837980}.Ad-Hoc|iPhoneSimulator.ActiveCfg = Release|x86
		{D153C433-EB98-4A92-BD49-B77B1B837980}.Ad-Hoc|iPhoneSimulator.Build.0 = Release|x86
		{D153C433-EB98-4A92-BD49-B77B1B837980}.Ad-Hoc|iPhoneSimulator.Deploy.0 = Release|x86
		{D153C433-EB98-4A92-BD49-B77B1B837980}.Ad-Hoc|x64.ActiveCfg = Release|x64
		{D153C433-EB98-4A92-BD49-B77B1B837980}.Ad-Hoc|x64.Build.0 = Release|x64
		{D153C433-EB98-4A92-BD49-B77B1B837980}.Ad-Hoc|x64.Deploy.0 = Release|x64
		{D153C433-EB98-4A92-BD49-B77B1B837980}.Ad-Hoc|x86.ActiveCfg = Release|x86
		{D153C433-EB98-4A92-BD49-B77B1B837980}.Ad-Hoc|x86.Build.0 = Release|x86
		{D153C433-EB98-4A92-BD49-B77B1B837980}.Ad-Hoc|x86.Deploy.0 = Release|x86
		{D153C433-EB98-4A92-BD49-B77B1B837980}.AppStore|Any CPU.ActiveCfg = Release|x86
		{D153C433-EB98-4A92-BD49-B77B1B837980}.AppStore|Any CPU.Build.0 = Release|x86
		{D153C433-EB98-4A92-BD49-B77B1B837980}.AppStore|Any CPU.Deploy.0 = Release|x86
		{D153C433-EB98-4A92-BD49-B77B1B837980}.AppStore|ARM.ActiveCfg = Release|ARM
		{D153C433-EB98-4A92-BD49-B77B1B837980}.AppStore|ARM.Build.0 = Release|ARM
		{D153C433-EB98-4A92-BD49-B77B1B837980}.AppStore|ARM.Deploy.0 = Release|ARM
		{D153C433-EB98-4A92-BD49-B77B1B837980}.AppStore|iPhone.ActiveCfg = Release|x86
		{D153C433-EB98-4A92-BD49-B77B1B837980}.AppStore|iPhone.Build.0 = Release|x86
		{D153C433-EB98-4A92-BD49-B77B1B837980}.AppStore|iPhone.Deploy.0 = Release|x86
		{D153C433-EB98-4A92-BD49-B77B1B837980}.AppStore|iPhoneSimulator.ActiveCfg = Release|x86
		{D153C433-EB98-4A92-BD49-B77B1B837980}.AppStore|iPhoneSimulator.Build.0 = Release|x86
		{D153C433-EB98-4A92-BD49-B77B1B837980}.AppStore|iPhoneSimulator.Deploy.0 = Release|x86
		{D153C433-EB98-4A92-BD49-B77B1B837980}.AppStore|x64.ActiveCfg = Release|x64
		{D153C433-EB98-4A92-BD49-B77B1B837980}.AppStore|x64.Build.0 = Release|x64
		{D153C433-EB98-4A92-BD49-B77B1B837980}.AppStore|x64.Deploy.0 = Release|x64
		{D153C433-EB98-4A92-BD49-B77B1B837980}.AppStore|x86.ActiveCfg = Release|x86
		{D153C433-EB98-4A92-BD49-B77B1B837980}.AppStore|x86.Build.0 = Release|x86
		{D153C433-EB98-4A92-BD49-B77B1B837980}.AppStore|x86.Deploy.0 = Release|x86
		{D153C433-EB98-4A92-BD49-B77B1B837980}.Debug|Any CPU.ActiveCfg = Debug|x86
		{D153C433-EB98-4A92-BD49-B77B1B837980}.Debug|Any CPU.Build.0 = Debug|x86
		{D153C433-EB98-4A92-BD49-B77B1B837980}.Debug|Any CPU.Deploy.0 = Debug|x86
		{D153C433-EB98-4A92-BD49-B77B1B837980}.Debug|ARM.ActiveCfg = Debug|ARM
		{D153C433-EB98-4A92-BD49-B77B1B837980}.Debug|ARM.Build.0 = Debug|ARM
		{D153C433-EB98-4A92-BD49-B77B1B837980}.Debug|ARM.Deploy.0 = Debug|ARM
		{D153C433-EB98-4A92-BD49-B77B1B837980}.Debug|iPhone.ActiveCfg = Debug|x86
		{D153C433-EB98-4A92-BD49-B77B1B837980}.Debug|iPhone.Build.0 = Debug|x86
		{D153C433-EB98-4A92-BD49-B77B1B837980}.Debug|iPhone.Deploy.0 = Debug|x86
		{D153C433-EB98-4A92-BD49-B77B1B837980}.Debug|iPhoneSimulator.ActiveCfg = Debug|x86
		{D153C433-EB98-4A92-BD49-B77B1B837980}.Debug|iPhoneSimulator.Build.0 = Debug|x86
		{D153C433-EB98-4A92-BD49-B77B1B837980}.Debug|iPhoneSimulator.Deploy.0 = Debug|x86
		{D153C433-EB98-4A92-BD49-B77B1B837980}.Debug|x64.ActiveCfg = Debug|x64
		{D153C433-EB98-4A92-BD49-B77B1B837980}.Debug|x64.Build.0 = Debug|x64
		{D153C433-EB98-4A92-BD49-B77B1B837980}.Debug|x64.Deploy.0 = Debug|x64
		{D153C433-EB98-4A92-BD49-B77B1B837980}.Debug|x86.ActiveCfg = Debug|x86
		{D153C433-EB98-4A92-BD49-B77B1B837980}.Debug|x86.Build.0 = Debug|x86
		{D153C433-EB98-4A92-BD49-B77B1B837980}.Debug|x86.Deploy.0 = Debug|x86
		{D153C433-EB98-4A92-BD49-B77B1B837980}.Release|Any CPU.ActiveCfg = Release|x86
		{D153C433-EB98-4A92-BD49-B77B1B837980}.Release|Any CPU.Build.0 = Release|x86
		{D153C433-EB98-4A92-BD49-B77B1B837980}.Release|Any CPU.Deploy.0 = Release|x86
		{D153C433-EB98-4A92-BD49-B77B1B837980}.Release|ARM.ActiveCfg = Release|ARM
		{D153C433-EB98-4A92-BD49-B77B1B837980}.Release|ARM.Build.0 = Release|ARM
		{D153C433-EB98-4A92-BD49-B77B1B837980}.Release|ARM.Deploy.0 = Release|ARM
		{D153C433-EB98-4A92-BD49-B77B1B837980}.Release|iPhone.ActiveCfg = Release|x86
		{D153C433-EB98-4A92-BD49-B77B1B837980}.Release|iPhone.Build.0 = Release|x86
		{D153C433-EB98-4A92-BD49-B77B1B837980}.Release|iPhone.Deploy.0 = Release|x86
		{D153C433-EB98-4A92-BD49-B77B1B837980}.Release|iPhoneSimulator.ActiveCfg = Release|x86
		{D153C433-EB98-4A92-BD49-B77B1B837980}.Release|iPhoneSimulator.Build.0 = Release|x86
		{D153C433-EB98-4A92-BD49-B77B1B837980}.Release|iPhoneSimulator.Deploy.0 = Release|x86
		{D153C433-EB98-4A92-BD49-B77B1B837980}.Release|x64.ActiveCfg = Release|x64
		{D153C433-EB98-4A92-BD49-B77B1B837980}.Release|x64.Build.0 = Release|x64
		{D153C433-EB98-4A92-BD49-B77B1B837980}.Release|x64.Deploy.0 = Release|x64
		{D153C433-EB98-4A92-BD49-B77B1B837980}.Release|x86.ActiveCfg = Release|x86
		{D153C433-EB98-4A92-BD49-B77B1B837980}.Release|x86.Build.0 = Release|x86
		{D153C433-EB98-4A92-BD49-B77B1B837980}.Release|x86.Deploy.0 = Release|x86
		{DA65C60B-3E35-412B-9D94-89264889CA12}.Ad-Hoc|Any CPU.ActiveCfg = Debug|Any CPU
		{DA65C60B-3E35-412B-9D94-89264889CA12}.Ad-Hoc|Any CPU.Build.0 = Debug|Any CPU
		{DA65C60B-3E35-412B-9D94-89264889CA12}.Ad-Hoc|Any CPU.Deploy.0 = Debug|Any CPU
		{DA65C60B-3E35-412B-9D94-89264889CA12}.Ad-Hoc|ARM.ActiveCfg = Debug|Any CPU
		{DA65C60B-3E35-412B-9D94-89264889CA12}.Ad-Hoc|ARM.Build.0 = Debug|Any CPU
		{DA65C60B-3E35-412B-9D94-89264889CA12}.Ad-Hoc|ARM.Deploy.0 = Debug|Any CPU
		{DA65C60B-3E35-412B-9D94-89264889CA12}.Ad-Hoc|iPhone.ActiveCfg = Debug|Any CPU
		{DA65C60B-3E35-412B-9D94-89264889CA12}.Ad-Hoc|iPhone.Build.0 = Debug|Any CPU
		{DA65C60B-3E35-412B-9D94-89264889CA12}.Ad-Hoc|iPhone.Deploy.0 = Debug|Any CPU
		{DA65C60B-3E35-412B-9D94-89264889CA12}.Ad-Hoc|iPhoneSimulator.ActiveCfg = Debug|Any CPU
		{DA65C60B-3E35-412B-9D94-89264889CA12}.Ad-Hoc|iPhoneSimulator.Build.0 = Debug|Any CPU
		{DA65C60B-3E35-412B-9D94-89264889CA12}.Ad-Hoc|iPhoneSimulator.Deploy.0 = Debug|Any CPU
		{DA65C60B-3E35-412B-9D94-89264889CA12}.Ad-Hoc|x64.ActiveCfg = Debug|Any CPU
		{DA65C60B-3E35-412B-9D94-89264889CA12}.Ad-Hoc|x64.Build.0 = Debug|Any CPU
		{DA65C60B-3E35-412B-9D94-89264889CA12}.Ad-Hoc|x64.Deploy.0 = Debug|Any CPU
		{DA65C60B-3E35-412B-9D94-89264889CA12}.Ad-Hoc|x86.ActiveCfg = Debug|Any CPU
		{DA65C60B-3E35-412B-9D94-89264889CA12}.Ad-Hoc|x86.Build.0 = Debug|Any CPU
		{DA65C60B-3E35-412B-9D94-89264889CA12}.Ad-Hoc|x86.Deploy.0 = Debug|Any CPU
		{DA65C60B-3E35-412B-9D94-89264889CA12}.AppStore|Any CPU.ActiveCfg = Debug|Any CPU
		{DA65C60B-3E35-412B-9D94-89264889CA12}.AppStore|Any CPU.Build.0 = Debug|Any CPU
		{DA65C60B-3E35-412B-9D94-89264889CA12}.AppStore|Any CPU.Deploy.0 = Debug|Any CPU
		{DA65C60B-3E35-412B-9D94-89264889CA12}.AppStore|ARM.ActiveCfg = Debug|Any CPU
		{DA65C60B-3E35-412B-9D94-89264889CA12}.AppStore|ARM.Build.0 = Debug|Any CPU
		{DA65C60B-3E35-412B-9D94-89264889CA12}.AppStore|ARM.Deploy.0 = Debug|Any CPU
		{DA65C60B-3E35-412B-9D94-89264889CA12}.AppStore|iPhone.ActiveCfg = Debug|Any CPU
		{DA65C60B-3E35-412B-9D94-89264889CA12}.AppStore|iPhone.Build.0 = Debug|Any CPU
		{DA65C60B-3E35-412B-9D94-89264889CA12}.AppStore|iPhone.Deploy.0 = Debug|Any CPU
		{DA65C60B-3E35-412B-9D94-89264889CA12}.AppStore|iPhoneSimulator.ActiveCfg = Debug|Any CPU
		{DA65C60B-3E35-412B-9D94-89264889CA12}.AppStore|iPhoneSimulator.Build.0 = Debug|Any CPU
		{DA65C60B-3E35-412B-9D94-89264889CA12}.AppStore|iPhoneSimulator.Deploy.0 = Debug|Any CPU
		{DA65C60B-3E35-412B-9D94-89264889CA12}.AppStore|x64.ActiveCfg = Debug|Any CPU
		{DA65C60B-3E35-412B-9D94-89264889CA12}.AppStore|x64.Build.0 = Debug|Any CPU
		{DA65C60B-3E35-412B-9D94-89264889CA12}.AppStore|x64.Deploy.0 = Debug|Any CPU
		{DA65C60B-3E35-412B-9D94-89264889CA12}.AppStore|x86.ActiveCfg = Debug|Any CPU
		{DA65C60B-3E35-412B-9D94-89264889CA12}.AppStore|x86.Build.0 = Debug|Any CPU
		{DA65C60B-3E35-412B-9D94-89264889CA12}.AppStore|x86.Deploy.0 = Debug|Any CPU
		{DA65C60B-3E35-412B-9D94-89264889CA12}.Debug|Any CPU.ActiveCfg = Debug|Any CPU
		{DA65C60B-3E35-412B-9D94-89264889CA12}.Debug|Any CPU.Build.0 = Debug|Any CPU
		{DA65C60B-3E35-412B-9D94-89264889CA12}.Debug|Any CPU.Deploy.0 = Debug|Any CPU
		{DA65C60B-3E35-412B-9D94-89264889CA12}.Debug|ARM.ActiveCfg = Debug|Any CPU
		{DA65C60B-3E35-412B-9D94-89264889CA12}.Debug|ARM.Build.0 = Debug|Any CPU
		{DA65C60B-3E35-412B-9D94-89264889CA12}.Debug|ARM.Deploy.0 = Debug|Any CPU
		{DA65C60B-3E35-412B-9D94-89264889CA12}.Debug|iPhone.ActiveCfg = Debug|Any CPU
		{DA65C60B-3E35-412B-9D94-89264889CA12}.Debug|iPhone.Build.0 = Debug|Any CPU
		{DA65C60B-3E35-412B-9D94-89264889CA12}.Debug|iPhone.Deploy.0 = Debug|Any CPU
		{DA65C60B-3E35-412B-9D94-89264889CA12}.Debug|iPhoneSimulator.ActiveCfg = Debug|Any CPU
		{DA65C60B-3E35-412B-9D94-89264889CA12}.Debug|iPhoneSimulator.Build.0 = Debug|Any CPU
		{DA65C60B-3E35-412B-9D94-89264889CA12}.Debug|iPhoneSimulator.Deploy.0 = Debug|Any CPU
		{DA65C60B-3E35-412B-9D94-89264889CA12}.Debug|x64.ActiveCfg = Debug|Any CPU
		{DA65C60B-3E35-412B-9D94-89264889CA12}.Debug|x64.Build.0 = Debug|Any CPU
		{DA65C60B-3E35-412B-9D94-89264889CA12}.Debug|x64.Deploy.0 = Debug|Any CPU
		{DA65C60B-3E35-412B-9D94-89264889CA12}.Debug|x86.ActiveCfg = Debug|Any CPU
		{DA65C60B-3E35-412B-9D94-89264889CA12}.Debug|x86.Build.0 = Debug|Any CPU
		{DA65C60B-3E35-412B-9D94-89264889CA12}.Debug|x86.Deploy.0 = Debug|Any CPU
		{DA65C60B-3E35-412B-9D94-89264889CA12}.Release|Any CPU.ActiveCfg = Release|Any CPU
		{DA65C60B-3E35-412B-9D94-89264889CA12}.Release|Any CPU.Build.0 = Release|Any CPU
		{DA65C60B-3E35-412B-9D94-89264889CA12}.Release|Any CPU.Deploy.0 = Release|Any CPU
		{DA65C60B-3E35-412B-9D94-89264889CA12}.Release|ARM.ActiveCfg = Release|Any CPU
		{DA65C60B-3E35-412B-9D94-89264889CA12}.Release|ARM.Build.0 = Release|Any CPU
		{DA65C60B-3E35-412B-9D94-89264889CA12}.Release|ARM.Deploy.0 = Release|Any CPU
		{DA65C60B-3E35-412B-9D94-89264889CA12}.Release|iPhone.ActiveCfg = Release|Any CPU
		{DA65C60B-3E35-412B-9D94-89264889CA12}.Release|iPhone.Build.0 = Release|Any CPU
		{DA65C60B-3E35-412B-9D94-89264889CA12}.Release|iPhone.Deploy.0 = Release|Any CPU
		{DA65C60B-3E35-412B-9D94-89264889CA12}.Release|iPhoneSimulator.ActiveCfg = Release|Any CPU
		{DA65C60B-3E35-412B-9D94-89264889CA12}.Release|iPhoneSimulator.Build.0 = Release|Any CPU
		{DA65C60B-3E35-412B-9D94-89264889CA12}.Release|iPhoneSimulator.Deploy.0 = Release|Any CPU
		{DA65C60B-3E35-412B-9D94-89264889CA12}.Release|x64.ActiveCfg = Release|Any CPU
		{DA65C60B-3E35-412B-9D94-89264889CA12}.Release|x64.Build.0 = Release|Any CPU
		{DA65C60B-3E35-412B-9D94-89264889CA12}.Release|x64.Deploy.0 = Release|Any CPU
		{DA65C60B-3E35-412B-9D94-89264889CA12}.Release|x86.ActiveCfg = Release|Any CPU
		{DA65C60B-3E35-412B-9D94-89264889CA12}.Release|x86.Build.0 = Release|Any CPU
		{DA65C60B-3E35-412B-9D94-89264889CA12}.Release|x86.Deploy.0 = Release|Any CPU
	EndGlobalSection
	GlobalSection(SolutionProperties) = preSolution
		HideSolutionNode = FALSE
	EndGlobalSection
	GlobalSection(ExtensibilityGlobals) = postSolution
		SolutionGuid = {D87B90A1-8FBE-4480-AC04-9D93DC270A96}
	EndGlobalSection
EndGlobal
